# This file was autogenerated by Stack.
# You should not edit this file by hand.
# For more information, please see the documentation at:
#   https://docs.haskellstack.org/en/stable/lock_files

packages:
- completed:
    name: diagnose
    version: 1.0.0
    git: https://github.com/mesabloo/diagnose.git
    pantry-tree:
      size: 737
      sha256: f47824dcf3d0034769628509d64e3236684b3f024a18838cb7a37dc2644adee1
    commit: 3937b074c9bfaca0b26cd63bc75f791895ee59a4
  original:
    git: https://github.com/mesabloo/diagnose.git
    commit: 3937b074c9bfaca0b26cd63bc75f791895ee59a4
snapshots:
- completed:
    size: 532383
    url: https://raw.githubusercontent.com/commercialhaskell/stackage-snapshots/master/lts/16/10.yaml
    sha256: 469d781ab6d2a4eceed6b31b6e4ec842dcd3cd1d11577972e86902603dce24df
  original: lts-16.10
