# This file was autogenerated by Stack.
# You should not edit this file by hand.
# For more information, please see the documentation at:
#   https://docs.haskellstack.org/en/stable/lock_files

packages:
- completed:
    name: diagnose
    version: 1.0.0
    git: https://github.com/mesabloo/diagnose.git
    pantry-tree:
      size: 737
      sha256: 4eb01fc0dbb4c3308c84fa22e68e57d1a9544a83e664e4af3c2da72643fb3fb1
    commit: e977c7ba6aa8709a0658daec53dd6b08dadeba8b
  original:
    git: https://github.com/mesabloo/diagnose.git
    commit: e977c7ba6aa8709a0658daec53dd6b08dadeba8b
snapshots:
- completed:
    size: 532383
    url: https://raw.githubusercontent.com/commercialhaskell/stackage-snapshots/master/lts/16/10.yaml
    sha256: 469d781ab6d2a4eceed6b31b6e4ec842dcd3cd1d11577972e86902603dce24df
  original: lts-16.10
