# This file was autogenerated by Stack.
# You should not edit this file by hand.
# For more information, please see the documentation at:
#   https://docs.haskellstack.org/en/stable/lock_files

packages:
- completed:
    cabal-file:
      size: 996
      sha256: 05e54858ea529cee8a7d66dd48a7b8afa070a72efd7bd5c5942a61e0e8f5ed95
    name: diagnose
    version: 1.0.0
    git: https://github.com/mesabloo/diagnose.git
    pantry-tree:
      size: 737
      sha256: 0dda36761c1bdc8ef1b93892796edd6b70c9983d3c24e8f22dd8e4a897a30157
    commit: 7578416b725213398bfaa7603013cfd6dc5695d5
  original:
    git: https://github.com/mesabloo/diagnose.git
    commit: 7578416b725213398bfaa7603013cfd6dc5695d5
snapshots:
- completed:
    size: 532383
    url: https://raw.githubusercontent.com/commercialhaskell/stackage-snapshots/master/lts/16/10.yaml
    sha256: 469d781ab6d2a4eceed6b31b6e4ec842dcd3cd1d11577972e86902603dce24df
  original: lts-16.10
